// !$*UTF8*$!
{
	archiveVersion = 1;
	classes = {
	};
	objectVersion = 50;
	objects = {

/* Begin PBXBuildFile section */
		0445034DA6FFF7DFBEB2A6A2B4A43A77 /* URL+ConfigurationFileProcessor.swift in Sources */ = {isa = PBXBuildFile; fileRef = CB002DB57ECE2242544E7C64541D3DB0 /* URL+ConfigurationFileProcessor.swift */; };
		04CCC791DA08375D778786D8C1E22507 /* CardSimulationLoader.framework in Embed Frameworks */ = {isa = PBXBuildFile; fileRef = 5CCB0CDF452B2A946C924BA8EB59B015 /* CardSimulationLoader.framework */; settings = {ATTRIBUTES = (CodeSignOnCopy, RemoveHeadersOnCopy, ); }; };
		04DB2E31BB969C896D4529529F4439CD /* Resources.bundle in Resources */ = {isa = PBXBuildFile; fileRef = B519D602C95D5CF69996C95687BDA62C /* Resources.bundle */; };
		0AE2FE9BE58CAD3DB40F0E38BE24B685 /* ObjCCommonsKit.framework in Frameworks */ = {isa = PBXBuildFile; fileRef = 32FE4546A37C58AAABDE1A5E31657245 /* ObjCCommonsKit.framework */; };
		2A81A82C358E17AB3386D5B5C997F4EC /* StreamReader.framework in Frameworks */ = {isa = PBXBuildFile; fileRef = 62BF8FA26E12D7F3EF0DD067EF052C51 /* StreamReader.framework */; };
		2E2E879B71D3C9CB21356DC7B34F5F2C /* AEXML.framework in Frameworks */ = {isa = PBXBuildFile; fileRef = 686A382AAA445A01B6B30EF8D16F8D2D /* AEXML.framework */; };
		378656CD75AA12E26D46F7D098787AE6 /* SimulationProcessModeTest.swift in Sources */ = {isa = PBXBuildFile; fileRef = FAA5504B08657F5F0A2C123C311887CD /* SimulationProcessModeTest.swift */; };
		37A6F128C5A0BB76E80DBD0ED0A1966A /* SimulationLoaderError.swift in Sources */ = {isa = PBXBuildFile; fileRef = A271EB37957ACB02756458A1CA0D0A10 /* SimulationLoaderError.swift */; };
		39B1D327EAA8AEAD9A1336F03DE937D5 /* SimulationRunner.swift in Sources */ = {isa = PBXBuildFile; fileRef = B2C58C6D6EC1FCF0B1930F7614621703 /* SimulationRunner.swift */; };
		3B4A957139661332E636215DDF9ADF9B /* StreamReader.framework in Frameworks */ = {isa = PBXBuildFile; fileRef = 62BF8FA26E12D7F3EF0DD067EF052C51 /* StreamReader.framework */; };
		3D2AF558803AF37C2E8536A317BDAADC /* ObjCCommonsKit.framework in Frameworks */ = {isa = PBXBuildFile; fileRef = 32FE4546A37C58AAABDE1A5E31657245 /* ObjCCommonsKit.framework */; };
		3E76C889A1FF4963EBDADDBE1A9C7976 /* SimulationManagerTest.swift in Sources */ = {isa = PBXBuildFile; fileRef = DA4C9D2E0EB3923EABCB9ED0DA1F5AF6 /* SimulationManagerTest.swift */; };
		462ED7533CE6C08C8683EFD0086005FF /* GemCommonsKit.framework in Frameworks */ = {isa = PBXBuildFile; fileRef = D19EBF5D45C35C54BFEC03837AC9B1A9 /* GemCommonsKit.framework */; };
		4A3D4AE9312365F913CFE80DF901CF27 /* SimulationManager+Internal.swift in Sources */ = {isa = PBXBuildFile; fileRef = B1876194757AF876C4C3CA02325F501C /* SimulationManager+Internal.swift */; };
		4C66E2E784A3F8F0B0201D5958C04BA8 /* TempFilePathGeneratorType.swift in Sources */ = {isa = PBXBuildFile; fileRef = 50574AAB6175C2EE2552DB70BBD8A540 /* TempFilePathGeneratorType.swift */; };
		4D7C82EF726F03126CF6169C0BC13E65 /* XCTestManifests.swift in Sources */ = {isa = PBXBuildFile; fileRef = 98A91F8B1BC340689C049FB988FF73DD /* XCTestManifests.swift */; };
		4E34D9122DF9BABEA6E712BA3EDA4FDC /* CardSimulationLoader.framework in Frameworks */ = {isa = PBXBuildFile; fileRef = 5CCB0CDF452B2A946C924BA8EB59B015 /* CardSimulationLoader.framework */; };
		4EA0D23FF841678E3D84E5A9E08C6533 /* AEXMLDocument+XMLManipulation.swift in Sources */ = {isa = PBXBuildFile; fileRef = B264BDFFFDC97536B0652A983C99064B /* AEXMLDocument+XMLManipulation.swift */; };
		56551115FF31E81FD1A0A6741A5669A1 /* ObjCCommonsKit.framework in Embed Frameworks */ = {isa = PBXBuildFile; fileRef = 32FE4546A37C58AAABDE1A5E31657245 /* ObjCCommonsKit.framework */; settings = {ATTRIBUTES = (CodeSignOnCopy, RemoveHeadersOnCopy, ); }; };
		5916705A18110709B6CADBA53259AE14 /* GemCommonsKit.framework in Embed Frameworks */ = {isa = PBXBuildFile; fileRef = D19EBF5D45C35C54BFEC03837AC9B1A9 /* GemCommonsKit.framework */; settings = {ATTRIBUTES = (CodeSignOnCopy, RemoveHeadersOnCopy, ); }; };
		5B6E981AEB6A723CD862A08C0E1E52ED /* Pom.swift in Sources */ = {isa = PBXBuildFile; fileRef = 85FEE80AAD1727A7351D3B61F49E9C45 /* Pom.swift */; };
		5B84F1F37CCE88546C41BF67EDA671C5 /* CardSimulationLoader.framework in Frameworks */ = {isa = PBXBuildFile; fileRef = 5CCB0CDF452B2A946C924BA8EB59B015 /* CardSimulationLoader.framework */; };
		5BFF3E5B97BF36D06B47E5881D2A5A03 /* ObjCCommonsKit.framework in Frameworks */ = {isa = PBXBuildFile; fileRef = 32FE4546A37C58AAABDE1A5E31657245 /* ObjCCommonsKit.framework */; };
		61442B9BCACCB7211BCE8B3266AC6E38 /* SwiftLibsShadow.framework in Frameworks */ = {isa = PBXBuildFile; fileRef = 5AC4984BBE1FBDEAD1A879E2B23A9E93 /* SwiftLibsShadow.framework */; };
		634591CD61159F678D11ACBE2B9D29AC /* XMLElementManipulatorTest.swift in Sources */ = {isa = PBXBuildFile; fileRef = 9427F4D3E046312C4A1CBD5C4D817C9C /* XMLElementManipulatorTest.swift */; };
		6ACC18D4C165D51A70E9BFAA45A2FDC1 /* SimulationRunnerTest.swift in Sources */ = {isa = PBXBuildFile; fileRef = 48434BFC57D8843FEEDDD8FF2A37CE6E /* SimulationRunnerTest.swift */; };
		6B89C20BC0B13C61968403CD37A23E13 /* XMLPathManipulator.swift in Sources */ = {isa = PBXBuildFile; fileRef = 540407DD9DFB8F13C447463D10DFB874 /* XMLPathManipulator.swift */; };
		7A45A83CC23C1F2017C413D69EB7B8A1 /* StreamReader.framework in Embed Frameworks */ = {isa = PBXBuildFile; fileRef = 62BF8FA26E12D7F3EF0DD067EF052C51 /* StreamReader.framework */; settings = {ATTRIBUTES = (CodeSignOnCopy, RemoveHeadersOnCopy, ); }; };
		7B95D3DA23C7FF079BFBB7E5C104F569 /* SimulationRunner+JavaProcessDelegate.swift in Sources */ = {isa = PBXBuildFile; fileRef = 36649FAE3B0C9596207D30FF5A932864 /* SimulationRunner+JavaProcessDelegate.swift */; };
		811DFD2E3E765FD210D6BBE2BA33F49C /* Configuration.bundle in Resources */ = {isa = PBXBuildFile; fileRef = 538E3B7DFFF69953440181831019B7B9 /* Configuration.bundle */; };
		83EFEAC3F68BF14C4A73EE46476EB2C8 /* SimulationProcessMode.swift in Sources */ = {isa = PBXBuildFile; fileRef = 5C8AD53DFB53BC08DDA792D637EF7DC0 /* SimulationProcessMode.swift */; };
		86091404DE24F546C39D73F91DA4A154 /* KeepAliveRunLoop.swift in Sources */ = {isa = PBXBuildFile; fileRef = B73D4D56F1A1C153611A0FE3024DF5D5 /* KeepAliveRunLoop.swift */; };
		977DCD533B832ECAF1BFB401BC589DB4 /* SimulationManagerExtInternalTest.swift in Sources */ = {isa = PBXBuildFile; fileRef = 28F40665E41BB6424A409CE8AA384E36 /* SimulationManagerExtInternalTest.swift */; };
		A99A45FD2A2495B82F1F6626B0109012 /* AEXML.framework in Embed Frameworks */ = {isa = PBXBuildFile; fileRef = 686A382AAA445A01B6B30EF8D16F8D2D /* AEXML.framework */; settings = {ATTRIBUTES = (CodeSignOnCopy, RemoveHeadersOnCopy, ); }; };
		AC14E9AB0A3E5370BA468AA10ADAB8EC /* GemCommonsKit.framework in Frameworks */ = {isa = PBXBuildFile; fileRef = D19EBF5D45C35C54BFEC03837AC9B1A9 /* GemCommonsKit.framework */; };
		ACC8F6338E0FA6557ADAA2EB776A32FB /* main.swift in Sources */ = {isa = PBXBuildFile; fileRef = 94FC4F55FE6E4EB618E46DAE5761AAD4 /* main.swift */; };
		AE66A45E0343E90E7D1794E892163232 /* AEXML.framework in Frameworks */ = {isa = PBXBuildFile; fileRef = 686A382AAA445A01B6B30EF8D16F8D2D /* AEXML.framework */; };
		C2515A53BA102E602C753BD4DD1BEB03 /* Maven.swift in Sources */ = {isa = PBXBuildFile; fileRef = 047E140A8B846780CF1238260A9992C5 /* Maven.swift */; };
		C33C47A6A60FBB3A867A31EE904A56FA /* JavaProcessTest.swift in Sources */ = {isa = PBXBuildFile; fileRef = 5F5E2183D366AAB1499511146C37A6D4 /* JavaProcessTest.swift */; };
		CB8F24F3E305B94D549CAEFBF19B3C68 /* URLExtConfigurationFileProcessorTest.swift in Sources */ = {isa = PBXBuildFile; fileRef = 80684FD50390183CCF92B6B7B1650F9B /* URLExtConfigurationFileProcessorTest.swift */; };
		CE7FAA09FD7F73D0AF0F07BBE9B19A25 /* JavaProcess.swift in Sources */ = {isa = PBXBuildFile; fileRef = 379F612CCD63365D51933D056CE9E03E /* JavaProcess.swift */; };
		CFF7A6A79CA7A0F4CCA0FDD8FA637417 /* AEXML.framework in Embed Frameworks */ = {isa = PBXBuildFile; fileRef = 686A382AAA445A01B6B30EF8D16F8D2D /* AEXML.framework */; settings = {ATTRIBUTES = (CodeSignOnCopy, RemoveHeadersOnCopy, ); }; };
		D21EDE72118A5B1A9FB09173877C759A /* Nimble.framework in Frameworks */ = {isa = PBXBuildFile; fileRef = D1B8E8932D6DA0ECECA8F383AF13ABFA /* Nimble.framework */; };
		D3699F70593666D5813DD1EF3F713AFC /* CardSimulationLoader.framework in Frameworks */ = {isa = PBXBuildFile; fileRef = 5CCB0CDF452B2A946C924BA8EB59B015 /* CardSimulationLoader.framework */; };
		D952A52347B731883C8DA0273DA6CCAB /* GemCommonsKit.framework in Embed Frameworks */ = {isa = PBXBuildFile; fileRef = D19EBF5D45C35C54BFEC03837AC9B1A9 /* GemCommonsKit.framework */; settings = {ATTRIBUTES = (CodeSignOnCopy, RemoveHeadersOnCopy, ); }; };
		DB403472C3F7F187CC1DD5B298D4DDF5 /* SimulationManager.swift in Sources */ = {isa = PBXBuildFile; fileRef = 5389C806CEE1F0946918BC80AE7E4C74 /* SimulationManager.swift */; };
		DCAAB6AA018ED57A8CA63F565C6619B9 /* XMLPath.swift in Sources */ = {isa = PBXBuildFile; fileRef = 22561711538D1975861F5B2520FAD497 /* XMLPath.swift */; };
		DF0655655A680CAF34ED7CE824BD364D /* XMLPathTest.swift in Sources */ = {isa = PBXBuildFile; fileRef = 662E62EC91698A288910E340F32A5474 /* XMLPathTest.swift */; };
		E452CBC65B3AC02D21F6602936EBE1BC /* AEXMLDocumentExtXMLManipulationTest.swift in Sources */ = {isa = PBXBuildFile; fileRef = 4F6FA0C6181A41C48556810CF1308448 /* AEXMLDocumentExtXMLManipulationTest.swift */; };
		E5FADBA190087148CC7592470A5AA834 /* KeepAliveRunLoopTest.swift in Sources */ = {isa = PBXBuildFile; fileRef = DBB3D9AF304351001834D6DC9CBAB0D4 /* KeepAliveRunLoopTest.swift */; };
		EC59300D2C3925642E2808F0576A7825 /* SimulationRunnerType+Ext.swift in Sources */ = {isa = PBXBuildFile; fileRef = B8C796D579347D9F5F20FDED754B6A2D /* SimulationRunnerType+Ext.swift */; };
		EDF386FF042F8852D7A0659D97640EBA /* BridgeHeader.h in Headers */ = {isa = PBXBuildFile; fileRef = 23595F9341F9FA93E1999E47E3995BA9 /* BridgeHeader.h */; settings = {ATTRIBUTES = (Public, ); }; };
		EECB2ADA41E6B15CB672632D3488DC17 /* Nimble.framework in Embed Frameworks */ = {isa = PBXBuildFile; fileRef = D1B8E8932D6DA0ECECA8F383AF13ABFA /* Nimble.framework */; settings = {ATTRIBUTES = (CodeSignOnCopy, RemoveHeadersOnCopy, ); }; };
		EF7F14AE06C49F39975AEC07E57470F5 /* StreamReader.framework in Embed Frameworks */ = {isa = PBXBuildFile; fileRef = 62BF8FA26E12D7F3EF0DD067EF052C51 /* StreamReader.framework */; settings = {ATTRIBUTES = (CodeSignOnCopy, RemoveHeadersOnCopy, ); }; };
		F2A5DB0A48EFBE1DEE02C358C20AE4E0 /* GemCommonsKit.framework in Frameworks */ = {isa = PBXBuildFile; fileRef = D19EBF5D45C35C54BFEC03837AC9B1A9 /* GemCommonsKit.framework */; };
		FB7D947912BED07D403F5AC0FEBF57CC /* ObjCCommonsKit.framework in Embed Frameworks */ = {isa = PBXBuildFile; fileRef = 32FE4546A37C58AAABDE1A5E31657245 /* ObjCCommonsKit.framework */; settings = {ATTRIBUTES = (CodeSignOnCopy, RemoveHeadersOnCopy, ); }; };
/* End PBXBuildFile section */

/* Begin PBXContainerItemProxy section */
		0F4EC4A786DC8664F3EC344B90794901 /* PBXContainerItemProxy */ = {
			isa = PBXContainerItemProxy;
			containerPortal = EDE374C8520E73B2A3A2BE5DF79BFC05 /* Project object */;
			proxyType = 1;
			remoteGlobalIDString = 0F2DE495586CCBA6029AAD41151F283D;
			remoteInfo = SwiftLibsShadow;
		};
		BC438705079020583483CE6DB19248C4 /* PBXContainerItemProxy */ = {
			isa = PBXContainerItemProxy;
			containerPortal = EDE374C8520E73B2A3A2BE5DF79BFC05 /* Project object */;
			proxyType = 1;
			remoteGlobalIDString = 4274ECC9FF3FEC3634AAE6EB39004289;
			remoteInfo = CardSimulationLoader;
		};
		D363BB86086825097DFDFF5DC1992B6D /* PBXContainerItemProxy */ = {
			isa = PBXContainerItemProxy;
			containerPortal = EDE374C8520E73B2A3A2BE5DF79BFC05 /* Project object */;
			proxyType = 1;
			remoteGlobalIDString = 4274ECC9FF3FEC3634AAE6EB39004289;
			remoteInfo = CardSimulationLoader;
		};
		FF1C4CBC47E834EF829429AF2ABF1A77 /* PBXContainerItemProxy */ = {
			isa = PBXContainerItemProxy;
			containerPortal = EDE374C8520E73B2A3A2BE5DF79BFC05 /* Project object */;
			proxyType = 1;
			remoteGlobalIDString = 4274ECC9FF3FEC3634AAE6EB39004289;
			remoteInfo = CardSimulationLoader;
		};
/* End PBXContainerItemProxy section */

/* Begin PBXCopyFilesBuildPhase section */
		71F3E928591A22E81F1694C000B40C75 /* Embed Frameworks */ = {
			isa = PBXCopyFilesBuildPhase;
			buildActionMask = 2147483647;
			dstPath = "";
			dstSubfolderSpec = 10;
			files = (
				CFF7A6A79CA7A0F4CCA0FDD8FA637417 /* AEXML.framework in Embed Frameworks */,
				5916705A18110709B6CADBA53259AE14 /* GemCommonsKit.framework in Embed Frameworks */,
				56551115FF31E81FD1A0A6741A5669A1 /* ObjCCommonsKit.framework in Embed Frameworks */,
				7A45A83CC23C1F2017C413D69EB7B8A1 /* StreamReader.framework in Embed Frameworks */,
			);
			name = "Embed Frameworks";
			runOnlyForDeploymentPostprocessing = 0;
		};
		DDD181720CCE5B482B58D825EC32F426 /* Embed Frameworks */ = {
			isa = PBXCopyFilesBuildPhase;
			buildActionMask = 2147483647;
			dstPath = "";
			dstSubfolderSpec = 10;
			files = (
				04CCC791DA08375D778786D8C1E22507 /* CardSimulationLoader.framework in Embed Frameworks */,
				A99A45FD2A2495B82F1F6626B0109012 /* AEXML.framework in Embed Frameworks */,
				D952A52347B731883C8DA0273DA6CCAB /* GemCommonsKit.framework in Embed Frameworks */,
				EECB2ADA41E6B15CB672632D3488DC17 /* Nimble.framework in Embed Frameworks */,
				FB7D947912BED07D403F5AC0FEBF57CC /* ObjCCommonsKit.framework in Embed Frameworks */,
				EF7F14AE06C49F39975AEC07E57470F5 /* StreamReader.framework in Embed Frameworks */,
			);
			name = "Embed Frameworks";
			runOnlyForDeploymentPostprocessing = 0;
		};
/* End PBXCopyFilesBuildPhase section */

/* Begin PBXFileReference section */
		047E140A8B846780CF1238260A9992C5 /* Maven.swift */ = {isa = PBXFileReference; lastKnownFileType = sourcecode.swift; path = Maven.swift; sourceTree = "<group>"; };
		22561711538D1975861F5B2520FAD497 /* XMLPath.swift */ = {isa = PBXFileReference; lastKnownFileType = sourcecode.swift; path = XMLPath.swift; sourceTree = "<group>"; };
		23595F9341F9FA93E1999E47E3995BA9 /* BridgeHeader.h */ = {isa = PBXFileReference; lastKnownFileType = sourcecode.c.h; path = BridgeHeader.h; sourceTree = "<group>"; };
		28F40665E41BB6424A409CE8AA384E36 /* SimulationManagerExtInternalTest.swift */ = {isa = PBXFileReference; lastKnownFileType = sourcecode.swift; path = SimulationManagerExtInternalTest.swift; sourceTree = "<group>"; };
		32FE4546A37C58AAABDE1A5E31657245 /* ObjCCommonsKit.framework */ = {isa = PBXFileReference; lastKnownFileType = wrapper.framework; path = ObjCCommonsKit.framework; sourceTree = "<group>"; };
		36649FAE3B0C9596207D30FF5A932864 /* SimulationRunner+JavaProcessDelegate.swift */ = {isa = PBXFileReference; lastKnownFileType = sourcecode.swift; path = "SimulationRunner+JavaProcessDelegate.swift"; sourceTree = "<group>"; };
		379F612CCD63365D51933D056CE9E03E /* JavaProcess.swift */ = {isa = PBXFileReference; lastKnownFileType = sourcecode.swift; path = JavaProcess.swift; sourceTree = "<group>"; };
		48434BFC57D8843FEEDDD8FF2A37CE6E /* SimulationRunnerTest.swift */ = {isa = PBXFileReference; lastKnownFileType = sourcecode.swift; path = SimulationRunnerTest.swift; sourceTree = "<group>"; };
		4F6FA0C6181A41C48556810CF1308448 /* AEXMLDocumentExtXMLManipulationTest.swift */ = {isa = PBXFileReference; lastKnownFileType = sourcecode.swift; path = AEXMLDocumentExtXMLManipulationTest.swift; sourceTree = "<group>"; };
		50574AAB6175C2EE2552DB70BBD8A540 /* TempFilePathGeneratorType.swift */ = {isa = PBXFileReference; lastKnownFileType = sourcecode.swift; path = TempFilePathGeneratorType.swift; sourceTree = "<group>"; };
		5389C806CEE1F0946918BC80AE7E4C74 /* SimulationManager.swift */ = {isa = PBXFileReference; lastKnownFileType = sourcecode.swift; path = SimulationManager.swift; sourceTree = "<group>"; };
		538E3B7DFFF69953440181831019B7B9 /* Configuration.bundle */ = {isa = PBXFileReference; lastKnownFileType = "wrapper.plug-in"; path = Configuration.bundle; sourceTree = "<group>"; };
		540407DD9DFB8F13C447463D10DFB874 /* XMLPathManipulator.swift */ = {isa = PBXFileReference; lastKnownFileType = sourcecode.swift; path = XMLPathManipulator.swift; sourceTree = "<group>"; };
		5AC4984BBE1FBDEAD1A879E2B23A9E93 /* SwiftLibsShadow.framework */ = {isa = PBXFileReference; explicitFileType = wrapper.framework; includeInIndex = 0; path = SwiftLibsShadow.framework; sourceTree = BUILT_PRODUCTS_DIR; };
		5C8AD53DFB53BC08DDA792D637EF7DC0 /* SimulationProcessMode.swift */ = {isa = PBXFileReference; lastKnownFileType = sourcecode.swift; path = SimulationProcessMode.swift; sourceTree = "<group>"; };
		5CCB0CDF452B2A946C924BA8EB59B015 /* CardSimulationLoader.framework */ = {isa = PBXFileReference; explicitFileType = wrapper.framework; includeInIndex = 0; path = CardSimulationLoader.framework; sourceTree = BUILT_PRODUCTS_DIR; };
		5F5E2183D366AAB1499511146C37A6D4 /* JavaProcessTest.swift */ = {isa = PBXFileReference; lastKnownFileType = sourcecode.swift; path = JavaProcessTest.swift; sourceTree = "<group>"; };
		62BF8FA26E12D7F3EF0DD067EF052C51 /* StreamReader.framework */ = {isa = PBXFileReference; lastKnownFileType = wrapper.framework; path = StreamReader.framework; sourceTree = "<group>"; };
		662E62EC91698A288910E340F32A5474 /* XMLPathTest.swift */ = {isa = PBXFileReference; lastKnownFileType = sourcecode.swift; path = XMLPathTest.swift; sourceTree = "<group>"; };
		686A382AAA445A01B6B30EF8D16F8D2D /* AEXML.framework */ = {isa = PBXFileReference; lastKnownFileType = wrapper.framework; path = AEXML.framework; sourceTree = "<group>"; };
		697B6ED279A85E716AC196C8F9EA0353 /* CardSimulationLoaderTests.xctest */ = {isa = PBXFileReference; explicitFileType = wrapper.cfbundle; includeInIndex = 0; path = CardSimulationLoaderTests.xctest; sourceTree = BUILT_PRODUCTS_DIR; };
		80684FD50390183CCF92B6B7B1650F9B /* URLExtConfigurationFileProcessorTest.swift */ = {isa = PBXFileReference; lastKnownFileType = sourcecode.swift; path = URLExtConfigurationFileProcessorTest.swift; sourceTree = "<group>"; };
		85FEE80AAD1727A7351D3B61F49E9C45 /* Pom.swift */ = {isa = PBXFileReference; lastKnownFileType = sourcecode.swift; path = Pom.swift; sourceTree = "<group>"; };
		9427F4D3E046312C4A1CBD5C4D817C9C /* XMLElementManipulatorTest.swift */ = {isa = PBXFileReference; lastKnownFileType = sourcecode.swift; path = XMLElementManipulatorTest.swift; sourceTree = "<group>"; };
		94FC4F55FE6E4EB618E46DAE5761AAD4 /* main.swift */ = {isa = PBXFileReference; lastKnownFileType = sourcecode.swift; path = main.swift; sourceTree = "<group>"; };
		98A91F8B1BC340689C049FB988FF73DD /* XCTestManifests.swift */ = {isa = PBXFileReference; lastKnownFileType = sourcecode.swift; path = XCTestManifests.swift; sourceTree = "<group>"; };
		A271EB37957ACB02756458A1CA0D0A10 /* SimulationLoaderError.swift */ = {isa = PBXFileReference; lastKnownFileType = sourcecode.swift; path = SimulationLoaderError.swift; sourceTree = "<group>"; };
		B1876194757AF876C4C3CA02325F501C /* SimulationManager+Internal.swift */ = {isa = PBXFileReference; lastKnownFileType = sourcecode.swift; path = "SimulationManager+Internal.swift"; sourceTree = "<group>"; };
		B264BDFFFDC97536B0652A983C99064B /* AEXMLDocument+XMLManipulation.swift */ = {isa = PBXFileReference; lastKnownFileType = sourcecode.swift; path = "AEXMLDocument+XMLManipulation.swift"; sourceTree = "<group>"; };
		B2C58C6D6EC1FCF0B1930F7614621703 /* SimulationRunner.swift */ = {isa = PBXFileReference; lastKnownFileType = sourcecode.swift; path = SimulationRunner.swift; sourceTree = "<group>"; };
		B519D602C95D5CF69996C95687BDA62C /* Resources.bundle */ = {isa = PBXFileReference; lastKnownFileType = "wrapper.plug-in"; path = Resources.bundle; sourceTree = "<group>"; };
		B73D4D56F1A1C153611A0FE3024DF5D5 /* KeepAliveRunLoop.swift */ = {isa = PBXFileReference; lastKnownFileType = sourcecode.swift; path = KeepAliveRunLoop.swift; sourceTree = "<group>"; };
		B8C796D579347D9F5F20FDED754B6A2D /* SimulationRunnerType+Ext.swift */ = {isa = PBXFileReference; lastKnownFileType = sourcecode.swift; path = "SimulationRunnerType+Ext.swift"; sourceTree = "<group>"; };
		CB002DB57ECE2242544E7C64541D3DB0 /* URL+ConfigurationFileProcessor.swift */ = {isa = PBXFileReference; lastKnownFileType = sourcecode.swift; path = "URL+ConfigurationFileProcessor.swift"; sourceTree = "<group>"; };
		CEDC20BD10F5F44B47A1C2900AE68F3C /* CardSimulationRunner */ = {isa = PBXFileReference; includeInIndex = 0; path = CardSimulationRunner; sourceTree = BUILT_PRODUCTS_DIR; };
		D19EBF5D45C35C54BFEC03837AC9B1A9 /* GemCommonsKit.framework */ = {isa = PBXFileReference; lastKnownFileType = wrapper.framework; path = GemCommonsKit.framework; sourceTree = "<group>"; };
		D1B8E8932D6DA0ECECA8F383AF13ABFA /* Nimble.framework */ = {isa = PBXFileReference; lastKnownFileType = wrapper.framework; path = Nimble.framework; sourceTree = "<group>"; };
		DA4C9D2E0EB3923EABCB9ED0DA1F5AF6 /* SimulationManagerTest.swift */ = {isa = PBXFileReference; lastKnownFileType = sourcecode.swift; path = SimulationManagerTest.swift; sourceTree = "<group>"; };
		DBB3D9AF304351001834D6DC9CBAB0D4 /* KeepAliveRunLoopTest.swift */ = {isa = PBXFileReference; lastKnownFileType = sourcecode.swift; path = KeepAliveRunLoopTest.swift; sourceTree = "<group>"; };
		FAA5504B08657F5F0A2C123C311887CD /* SimulationProcessModeTest.swift */ = {isa = PBXFileReference; lastKnownFileType = sourcecode.swift; path = SimulationProcessModeTest.swift; sourceTree = "<group>"; };
/* End PBXFileReference section */

/* Begin PBXFrameworksBuildPhase section */
		66205EB15105532F1AE12EDE92EA2D2C /* Frameworks */ = {
			isa = PBXFrameworksBuildPhase;
			buildActionMask = 2147483647;
			files = (
				61442B9BCACCB7211BCE8B3266AC6E38 /* SwiftLibsShadow.framework in Frameworks */,
				5B84F1F37CCE88546C41BF67EDA671C5 /* CardSimulationLoader.framework in Frameworks */,
				2E2E879B71D3C9CB21356DC7B34F5F2C /* AEXML.framework in Frameworks */,
				3B4A957139661332E636215DDF9ADF9B /* StreamReader.framework in Frameworks */,
				462ED7533CE6C08C8683EFD0086005FF /* GemCommonsKit.framework in Frameworks */,
				3D2AF558803AF37C2E8536A317BDAADC /* ObjCCommonsKit.framework in Frameworks */,
			);
			runOnlyForDeploymentPostprocessing = 0;
		};
		6F726BBB749F9E70E2E02C8C76A6F4EA /* Frameworks */ = {
			isa = PBXFrameworksBuildPhase;
			buildActionMask = 2147483647;
			files = (
				4E34D9122DF9BABEA6E712BA3EDA4FDC /* CardSimulationLoader.framework in Frameworks */,
			);
			runOnlyForDeploymentPostprocessing = 0;
		};
		97415C9164F172C416833703BD9964AA /* Frameworks */ = {
			isa = PBXFrameworksBuildPhase;
			buildActionMask = 2147483647;
			files = (
				AE66A45E0343E90E7D1794E892163232 /* AEXML.framework in Frameworks */,
				2A81A82C358E17AB3386D5B5C997F4EC /* StreamReader.framework in Frameworks */,
				AC14E9AB0A3E5370BA468AA10ADAB8EC /* GemCommonsKit.framework in Frameworks */,
				0AE2FE9BE58CAD3DB40F0E38BE24B685 /* ObjCCommonsKit.framework in Frameworks */,
			);
			runOnlyForDeploymentPostprocessing = 0;
		};
		B9A4D3229E8B2DD835B742C86C51280B /* Frameworks */ = {
			isa = PBXFrameworksBuildPhase;
			buildActionMask = 2147483647;
			files = (
				D3699F70593666D5813DD1EF3F713AFC /* CardSimulationLoader.framework in Frameworks */,
				D21EDE72118A5B1A9FB09173877C759A /* Nimble.framework in Frameworks */,
				F2A5DB0A48EFBE1DEE02C358C20AE4E0 /* GemCommonsKit.framework in Frameworks */,
				5BFF3E5B97BF36D06B47E5881D2A5A03 /* ObjCCommonsKit.framework in Frameworks */,
			);
			runOnlyForDeploymentPostprocessing = 0;
		};
/* End PBXFrameworksBuildPhase section */

/* Begin PBXGroup section */
		1CB06575C5DFA118857251181B1F99C5 /* Products */ = {
			isa = PBXGroup;
			children = (
				5CCB0CDF452B2A946C924BA8EB59B015 /* CardSimulationLoader.framework */,
				697B6ED279A85E716AC196C8F9EA0353 /* CardSimulationLoaderTests.xctest */,
				CEDC20BD10F5F44B47A1C2900AE68F3C /* CardSimulationRunner */,
				5AC4984BBE1FBDEAD1A879E2B23A9E93 /* SwiftLibsShadow.framework */,
			);
			name = Products;
			sourceTree = "<group>";
		};
		46D81BBA2DF68EBBE3A493DEEA0E1924 /* Tests */ = {
			isa = PBXGroup;
			children = (
				9AF8245BC1B09D50E66D5957B6F4C111 /* CardSimulationLoaderTests */,
			);
			path = Tests;
			sourceTree = "<group>";
		};
		5C71B2CCCC5C07A454FBD54224007B9D /* internal */ = {
			isa = PBXGroup;
			children = (
				379F612CCD63365D51933D056CE9E03E /* JavaProcess.swift */,
				B1876194757AF876C4C3CA02325F501C /* SimulationManager+Internal.swift */,
				36649FAE3B0C9596207D30FF5A932864 /* SimulationRunner+JavaProcessDelegate.swift */,
				50574AAB6175C2EE2552DB70BBD8A540 /* TempFilePathGeneratorType.swift */,
			);
			path = internal;
			sourceTree = "<group>";
		};
		67CD2F3378D1BE36CE34162FBBAB3DB6 /* Frameworks */ = {
			isa = PBXGroup;
			children = (
				C687BC8A8FCFDEB7BC916D40EF097C9E /* Carthage */,
			);
			name = Frameworks;
			sourceTree = "<group>";
		};
		6F89D54098263F1D3E4DD8BCEF61EDD9 /* CardSimulationLoader */ = {
			isa = PBXGroup;
			children = (
				B73D4D56F1A1C153611A0FE3024DF5D5 /* KeepAliveRunLoop.swift */,
				A271EB37957ACB02756458A1CA0D0A10 /* SimulationLoaderError.swift */,
				5389C806CEE1F0946918BC80AE7E4C74 /* SimulationManager.swift */,
				5C8AD53DFB53BC08DDA792D637EF7DC0 /* SimulationProcessMode.swift */,
				B2C58C6D6EC1FCF0B1930F7614621703 /* SimulationRunner.swift */,
				B8C796D579347D9F5F20FDED754B6A2D /* SimulationRunnerType+Ext.swift */,
				5C71B2CCCC5C07A454FBD54224007B9D /* internal */,
				C444EEFCB41B46C99AD0A331CC154D81 /* static */,
				FAD71453D5AAF5F8B4468262F517C306 /* xml */,
			);
			name = CardSimulationLoader;
			path = Sources/CardSimulationLoader;
			sourceTree = "<group>";
		};
		7175A271BFF04308460F5A9D0FC5F5B1 /* internal */ = {
			isa = PBXGroup;
			children = (
				5F5E2183D366AAB1499511146C37A6D4 /* JavaProcessTest.swift */,
				28F40665E41BB6424A409CE8AA384E36 /* SimulationManagerExtInternalTest.swift */,
			);
			path = internal;
			sourceTree = "<group>";
		};
		80BFE2489DC4A1FE353A51C3DFD8E4B1 = {
			isa = PBXGroup;
			children = (
				23595F9341F9FA93E1999E47E3995BA9 /* BridgeHeader.h */,
				6F89D54098263F1D3E4DD8BCEF61EDD9 /* CardSimulationLoader */,
				932847EF3A1B859382091973721DB789 /* CardSimulationRunner */,
				46D81BBA2DF68EBBE3A493DEEA0E1924 /* Tests */,
				67CD2F3378D1BE36CE34162FBBAB3DB6 /* Frameworks */,
				1CB06575C5DFA118857251181B1F99C5 /* Products */,
			);
			sourceTree = "<group>";
		};
		932847EF3A1B859382091973721DB789 /* CardSimulationRunner */ = {
			isa = PBXGroup;
			children = (
				94FC4F55FE6E4EB618E46DAE5761AAD4 /* main.swift */,
			);
			name = CardSimulationRunner;
			path = Sources/CardSimulationRunner;
			sourceTree = "<group>";
		};
		9AF8245BC1B09D50E66D5957B6F4C111 /* CardSimulationLoaderTests */ = {
			isa = PBXGroup;
			children = (
				538E3B7DFFF69953440181831019B7B9 /* Configuration.bundle */,
				DBB3D9AF304351001834D6DC9CBAB0D4 /* KeepAliveRunLoopTest.swift */,
				B519D602C95D5CF69996C95687BDA62C /* Resources.bundle */,
				DA4C9D2E0EB3923EABCB9ED0DA1F5AF6 /* SimulationManagerTest.swift */,
				FAA5504B08657F5F0A2C123C311887CD /* SimulationProcessModeTest.swift */,
				48434BFC57D8843FEEDDD8FF2A37CE6E /* SimulationRunnerTest.swift */,
				98A91F8B1BC340689C049FB988FF73DD /* XCTestManifests.swift */,
				7175A271BFF04308460F5A9D0FC5F5B1 /* internal */,
				CF7DE85486A6DDCEBFEC07EDE8EC1FD3 /* xml */,
			);
			path = CardSimulationLoaderTests;
			sourceTree = "<group>";
		};
		C444EEFCB41B46C99AD0A331CC154D81 /* static */ = {
			isa = PBXGroup;
			children = (
				047E140A8B846780CF1238260A9992C5 /* Maven.swift */,
				85FEE80AAD1727A7351D3B61F49E9C45 /* Pom.swift */,
			);
			path = static;
			sourceTree = "<group>";
		};
		C687BC8A8FCFDEB7BC916D40EF097C9E /* Carthage */ = {
			isa = PBXGroup;
			children = (
				EE9FD142B5583506BE5B290AFA6EC5BF /* Mac */,
			);
			name = Carthage;
			path = Carthage/Build;
			sourceTree = "<group>";
		};
		CF7DE85486A6DDCEBFEC07EDE8EC1FD3 /* xml */ = {
			isa = PBXGroup;
			children = (
				4F6FA0C6181A41C48556810CF1308448 /* AEXMLDocumentExtXMLManipulationTest.swift */,
				80684FD50390183CCF92B6B7B1650F9B /* URLExtConfigurationFileProcessorTest.swift */,
				9427F4D3E046312C4A1CBD5C4D817C9C /* XMLElementManipulatorTest.swift */,
				662E62EC91698A288910E340F32A5474 /* XMLPathTest.swift */,
			);
			path = xml;
			sourceTree = "<group>";
		};
		EE9FD142B5583506BE5B290AFA6EC5BF /* Mac */ = {
			isa = PBXGroup;
			children = (
				686A382AAA445A01B6B30EF8D16F8D2D /* AEXML.framework */,
				D19EBF5D45C35C54BFEC03837AC9B1A9 /* GemCommonsKit.framework */,
				D1B8E8932D6DA0ECECA8F383AF13ABFA /* Nimble.framework */,
				32FE4546A37C58AAABDE1A5E31657245 /* ObjCCommonsKit.framework */,
				62BF8FA26E12D7F3EF0DD067EF052C51 /* StreamReader.framework */,
			);
			path = Mac;
			sourceTree = "<group>";
		};
		FAD71453D5AAF5F8B4468262F517C306 /* xml */ = {
			isa = PBXGroup;
			children = (
				B264BDFFFDC97536B0652A983C99064B /* AEXMLDocument+XMLManipulation.swift */,
				CB002DB57ECE2242544E7C64541D3DB0 /* URL+ConfigurationFileProcessor.swift */,
				22561711538D1975861F5B2520FAD497 /* XMLPath.swift */,
				540407DD9DFB8F13C447463D10DFB874 /* XMLPathManipulator.swift */,
			);
			path = xml;
			sourceTree = "<group>";
		};
/* End PBXGroup section */

/* Begin PBXHeadersBuildPhase section */
		C5183B8EDD820E09A22CBD0F7B12634C /* Headers */ = {
			isa = PBXHeadersBuildPhase;
			buildActionMask = 2147483647;
			files = (
				EDF386FF042F8852D7A0659D97640EBA /* BridgeHeader.h in Headers */,
			);
			runOnlyForDeploymentPostprocessing = 0;
		};
/* End PBXHeadersBuildPhase section */

/* Begin PBXNativeTarget section */
		0F2DE495586CCBA6029AAD41151F283D /* SwiftLibsShadow */ = {
			isa = PBXNativeTarget;
			buildConfigurationList = 90554E500CF01C6B54C4E3B430656203 /* Build configuration list for PBXNativeTarget "SwiftLibsShadow" */;
			buildPhases = (
				2E0043A6770AF210D0E5EBD04B7A3C6A /* Sources */,
				6F726BBB749F9E70E2E02C8C76A6F4EA /* Frameworks */,
			);
			buildRules = (
			);
			dependencies = (
				FFA754B0D03B6A1740D215C0E6001BFD /* PBXTargetDependency */,
			);
			name = SwiftLibsShadow;
			productName = SwiftLibsShadow;
			productReference = 5AC4984BBE1FBDEAD1A879E2B23A9E93 /* SwiftLibsShadow.framework */;
			productType = "com.apple.product-type.framework";
		};
		4274ECC9FF3FEC3634AAE6EB39004289 /* CardSimulationLoader */ = {
			isa = PBXNativeTarget;
			buildConfigurationList = B1B8E804F2C4C56EDC4259784D3C4CAC /* Build configuration list for PBXNativeTarget "CardSimulationLoader" */;
			buildPhases = (
				C5183B8EDD820E09A22CBD0F7B12634C /* Headers */,
				1E6A5ABA2C19C83DD870A29A26939F8B /* Sources */,
				97415C9164F172C416833703BD9964AA /* Frameworks */,
			);
			buildRules = (
			);
			dependencies = (
			);
			name = CardSimulationLoader;
			productName = CardSimulationLoader;
			productReference = 5CCB0CDF452B2A946C924BA8EB59B015 /* CardSimulationLoader.framework */;
			productType = "com.apple.product-type.framework";
		};
		BD85DABB5A29B83D15967A8AC77EDC93 /* CardSimulationRunner */ = {
			isa = PBXNativeTarget;
			buildConfigurationList = D1DC11CE3E4B46B6E6BBDED89E69C53A /* Build configuration list for PBXNativeTarget "CardSimulationRunner" */;
			buildPhases = (
				CEF340DA6420589159DC51B83D64817D /* Sources */,
				66205EB15105532F1AE12EDE92EA2D2C /* Frameworks */,
				71F3E928591A22E81F1694C000B40C75 /* Embed Frameworks */,
			);
			buildRules = (
			);
			dependencies = (
				37815205FD327D0E55E4E28D1C0C1FDB /* PBXTargetDependency */,
				078C8DDAA960FB4FF673E754A4B8D4D0 /* PBXTargetDependency */,
			);
			name = CardSimulationRunner;
			productName = CardSimulationRunner;
			productReference = CEDC20BD10F5F44B47A1C2900AE68F3C /* CardSimulationRunner */;
			productType = "com.apple.product-type.tool";
		};
		D1797C1F62E5ED0191BA9243299F9D60 /* CardSimulationLoaderTests */ = {
			isa = PBXNativeTarget;
			buildConfigurationList = 6783851E2A6B776631C39912028C116C /* Build configuration list for PBXNativeTarget "CardSimulationLoaderTests" */;
			buildPhases = (
				13E88B0025DA81F74924086B13EFBC5A /* Sources */,
				EE41A890784F6A42A5BF7373E6B4DC24 /* Resources */,
				B9A4D3229E8B2DD835B742C86C51280B /* Frameworks */,
				DDD181720CCE5B482B58D825EC32F426 /* Embed Frameworks */,
			);
			buildRules = (
			);
			dependencies = (
				343E071C779C67C217A79337B531DDC0 /* PBXTargetDependency */,
			);
			name = CardSimulationLoaderTests;
			productName = CardSimulationLoaderTests;
			productReference = 697B6ED279A85E716AC196C8F9EA0353 /* CardSimulationLoaderTests.xctest */;
			productType = "com.apple.product-type.bundle.unit-test";
		};
/* End PBXNativeTarget section */

/* Begin PBXProject section */
		EDE374C8520E73B2A3A2BE5DF79BFC05 /* Project object */ = {
			isa = PBXProject;
			attributes = {
				LastUpgradeCheck = 1000;
			};
			buildConfigurationList = BE69464E84E48D54E530A262E0098C21 /* Build configuration list for PBXProject "CardSimulationLoader" */;
			compatibilityVersion = "Xcode 9.3";
			developmentRegion = en;
			hasScannedForEncodings = 0;
			knownRegions = (
				en,
			);
			mainGroup = 80BFE2489DC4A1FE353A51C3DFD8E4B1;
			projectDirPath = "";
			projectRoot = "";
			targets = (
				4274ECC9FF3FEC3634AAE6EB39004289 /* CardSimulationLoader */,
				D1797C1F62E5ED0191BA9243299F9D60 /* CardSimulationLoaderTests */,
				BD85DABB5A29B83D15967A8AC77EDC93 /* CardSimulationRunner */,
				0F2DE495586CCBA6029AAD41151F283D /* SwiftLibsShadow */,
			);
		};
/* End PBXProject section */

/* Begin PBXResourcesBuildPhase section */
		EE41A890784F6A42A5BF7373E6B4DC24 /* Resources */ = {
			isa = PBXResourcesBuildPhase;
			buildActionMask = 2147483647;
			files = (
				811DFD2E3E765FD210D6BBE2BA33F49C /* Configuration.bundle in Resources */,
				04DB2E31BB969C896D4529529F4439CD /* Resources.bundle in Resources */,
			);
			runOnlyForDeploymentPostprocessing = 0;
		};
/* End PBXResourcesBuildPhase section */

/* Begin PBXSourcesBuildPhase section */
		13E88B0025DA81F74924086B13EFBC5A /* Sources */ = {
			isa = PBXSourcesBuildPhase;
			buildActionMask = 2147483647;
			files = (
				E452CBC65B3AC02D21F6602936EBE1BC /* AEXMLDocumentExtXMLManipulationTest.swift in Sources */,
				C33C47A6A60FBB3A867A31EE904A56FA /* JavaProcessTest.swift in Sources */,
				E5FADBA190087148CC7592470A5AA834 /* KeepAliveRunLoopTest.swift in Sources */,
				977DCD533B832ECAF1BFB401BC589DB4 /* SimulationManagerExtInternalTest.swift in Sources */,
				3E76C889A1FF4963EBDADDBE1A9C7976 /* SimulationManagerTest.swift in Sources */,
				378656CD75AA12E26D46F7D098787AE6 /* SimulationProcessModeTest.swift in Sources */,
				6ACC18D4C165D51A70E9BFAA45A2FDC1 /* SimulationRunnerTest.swift in Sources */,
				CB8F24F3E305B94D549CAEFBF19B3C68 /* URLExtConfigurationFileProcessorTest.swift in Sources */,
				4D7C82EF726F03126CF6169C0BC13E65 /* XCTestManifests.swift in Sources */,
				634591CD61159F678D11ACBE2B9D29AC /* XMLElementManipulatorTest.swift in Sources */,
				DF0655655A680CAF34ED7CE824BD364D /* XMLPathTest.swift in Sources */,
			);
			runOnlyForDeploymentPostprocessing = 0;
		};
		1E6A5ABA2C19C83DD870A29A26939F8B /* Sources */ = {
			isa = PBXSourcesBuildPhase;
			buildActionMask = 2147483647;
			files = (
				4EA0D23FF841678E3D84E5A9E08C6533 /* AEXMLDocument+XMLManipulation.swift in Sources */,
				CE7FAA09FD7F73D0AF0F07BBE9B19A25 /* JavaProcess.swift in Sources */,
				86091404DE24F546C39D73F91DA4A154 /* KeepAliveRunLoop.swift in Sources */,
				C2515A53BA102E602C753BD4DD1BEB03 /* Maven.swift in Sources */,
				5B6E981AEB6A723CD862A08C0E1E52ED /* Pom.swift in Sources */,
				37A6F128C5A0BB76E80DBD0ED0A1966A /* SimulationLoaderError.swift in Sources */,
				4A3D4AE9312365F913CFE80DF901CF27 /* SimulationManager+Internal.swift in Sources */,
				DB403472C3F7F187CC1DD5B298D4DDF5 /* SimulationManager.swift in Sources */,
				83EFEAC3F68BF14C4A73EE46476EB2C8 /* SimulationProcessMode.swift in Sources */,
				7B95D3DA23C7FF079BFBB7E5C104F569 /* SimulationRunner+JavaProcessDelegate.swift in Sources */,
				39B1D327EAA8AEAD9A1336F03DE937D5 /* SimulationRunner.swift in Sources */,
				EC59300D2C3925642E2808F0576A7825 /* SimulationRunnerType+Ext.swift in Sources */,
				4C66E2E784A3F8F0B0201D5958C04BA8 /* TempFilePathGeneratorType.swift in Sources */,
				0445034DA6FFF7DFBEB2A6A2B4A43A77 /* URL+ConfigurationFileProcessor.swift in Sources */,
				DCAAB6AA018ED57A8CA63F565C6619B9 /* XMLPath.swift in Sources */,
				6B89C20BC0B13C61968403CD37A23E13 /* XMLPathManipulator.swift in Sources */,
			);
			runOnlyForDeploymentPostprocessing = 0;
		};
		2E0043A6770AF210D0E5EBD04B7A3C6A /* Sources */ = {
			isa = PBXSourcesBuildPhase;
			buildActionMask = 2147483647;
			files = (
			);
			runOnlyForDeploymentPostprocessing = 0;
		};
		CEF340DA6420589159DC51B83D64817D /* Sources */ = {
			isa = PBXSourcesBuildPhase;
			buildActionMask = 2147483647;
			files = (
				ACC8F6338E0FA6557ADAA2EB776A32FB /* main.swift in Sources */,
			);
			runOnlyForDeploymentPostprocessing = 0;
		};
/* End PBXSourcesBuildPhase section */

/* Begin PBXTargetDependency section */
		078C8DDAA960FB4FF673E754A4B8D4D0 /* PBXTargetDependency */ = {
			isa = PBXTargetDependency;
			target = 4274ECC9FF3FEC3634AAE6EB39004289 /* CardSimulationLoader */;
			targetProxy = BC438705079020583483CE6DB19248C4 /* PBXContainerItemProxy */;
		};
		343E071C779C67C217A79337B531DDC0 /* PBXTargetDependency */ = {
			isa = PBXTargetDependency;
			target = 4274ECC9FF3FEC3634AAE6EB39004289 /* CardSimulationLoader */;
			targetProxy = FF1C4CBC47E834EF829429AF2ABF1A77 /* PBXContainerItemProxy */;
		};
		37815205FD327D0E55E4E28D1C0C1FDB /* PBXTargetDependency */ = {
			isa = PBXTargetDependency;
			target = 0F2DE495586CCBA6029AAD41151F283D /* SwiftLibsShadow */;
			targetProxy = 0F4EC4A786DC8664F3EC344B90794901 /* PBXContainerItemProxy */;
		};
		FFA754B0D03B6A1740D215C0E6001BFD /* PBXTargetDependency */ = {
			isa = PBXTargetDependency;
			target = 4274ECC9FF3FEC3634AAE6EB39004289 /* CardSimulationLoader */;
			targetProxy = D363BB86086825097DFDFF5DC1992B6D /* PBXContainerItemProxy */;
		};
/* End PBXTargetDependency section */

/* Begin XCBuildConfiguration section */
		036EB3E86771A4A62B5C020393FABA8E /* Debug */ = {
			isa = XCBuildConfiguration;
			buildSettings = {
				ALWAYS_SEARCH_USER_PATHS = NO;
				CLANG_ANALYZER_NONNULL = YES;
				CLANG_ANALYZER_NUMBER_OBJECT_CONVERSION = YES_AGGRESSIVE;
				CLANG_CXX_LANGUAGE_STANDARD = "gnu++14";
				CLANG_CXX_LIBRARY = "libc++";
				CLANG_ENABLE_MODULES = YES;
				CLANG_ENABLE_OBJC_ARC = YES;
				CLANG_WARN_BLOCK_CAPTURE_AUTORELEASING = YES;
				CLANG_WARN_BOOL_CONVERSION = YES;
				CLANG_WARN_COMMA = YES;
				CLANG_WARN_CONSTANT_CONVERSION = YES;
				CLANG_WARN_DEPRECATED_OBJC_IMPLEMENTATIONS = YES;
				CLANG_WARN_DIRECT_OBJC_ISA_USAGE = YES_ERROR;
				CLANG_WARN_DOCUMENTATION_COMMENTS = YES;
				CLANG_WARN_EMPTY_BODY = YES;
				CLANG_WARN_ENUM_CONVERSION = YES;
				CLANG_WARN_INFINITE_RECURSION = YES;
				CLANG_WARN_INT_CONVERSION = YES;
				CLANG_WARN_NON_LITERAL_NULL_CONVERSION = YES;
				CLANG_WARN_OBJC_IMPLICIT_RETAIN_SELF = YES;
				CLANG_WARN_OBJC_LITERAL_CONVERSION = YES;
				CLANG_WARN_OBJC_ROOT_CLASS = YES_ERROR;
				CLANG_WARN_RANGE_LOOP_ANALYSIS = YES;
				CLANG_WARN_STRICT_PROTOTYPES = YES;
				CLANG_WARN_SUSPICIOUS_MOVE = YES;
				CLANG_WARN_UNGUARDED_AVAILABILITY = YES_AGGRESSIVE;
				CLANG_WARN_UNREACHABLE_CODE = YES;
				CLANG_WARN__DUPLICATE_METHOD_MATCH = YES;
				COPY_PHASE_STRIP = NO;
				DEBUG_INFORMATION_FORMAT = dwarf;
				ENABLE_STRICT_OBJC_MSGSEND = YES;
				ENABLE_TESTABILITY = YES;
				GCC_C_LANGUAGE_STANDARD = gnu11;
				GCC_DYNAMIC_NO_PIC = NO;
				GCC_NO_COMMON_BLOCKS = YES;
				GCC_OPTIMIZATION_LEVEL = 0;
				GCC_PREPROCESSOR_DEFINITIONS = (
					"$(inherited)",
					"DEBUG=1",
				);
				GCC_WARN_64_TO_32_BIT_CONVERSION = YES;
				GCC_WARN_ABOUT_RETURN_TYPE = YES_ERROR;
				GCC_WARN_UNDECLARED_SELECTOR = YES;
				GCC_WARN_UNINITIALIZED_AUTOS = YES_AGGRESSIVE;
				GCC_WARN_UNUSED_FUNCTION = YES;
				GCC_WARN_UNUSED_VARIABLE = YES;
				IPHONEOS_DEPLOYMENT_TARGET = 12.1;
				MACOSX_DEPLOYMENT_TARGET = 10.12;
				MTL_ENABLE_DEBUG_INFO = YES;
				ONLY_ACTIVE_ARCH = YES;
				PRODUCT_NAME = "$(TARGET_NAME)";
				SDKROOT = macosx;
				SWIFT_ACTIVE_COMPILATION_CONDITIONS = DEBUG;
				SWIFT_COMPILATION_MODE = incremental;
				SWIFT_OPTIMIZATION_LEVEL = "-Onone";
				SWIFT_VERSION = 5.0;
			};
			name = Debug;
		};
		20E92F995507CAB5C6F43638575CCB47 /* Release */ = {
			isa = XCBuildConfiguration;
			buildSettings = {
				CODE_SIGN_IDENTITY = "";
				COMBINE_HIDPI_IMAGES = YES;
				CURRENT_PROJECT_VERSION = 1;
				DEFINES_MODULE = YES;
				DYLIB_COMPATIBILITY_VERSION = 1;
				DYLIB_CURRENT_VERSION = 1;
				DYLIB_INSTALL_NAME_BASE = "@rpath";
				FRAMEWORK_SEARCH_PATHS = (
					"$(inherited)",
					"$(PROJECT_DIR)/Carthage/Build/Mac",
				);
				INFOPLIST_FILE = DerivedData/CardSimulationLoader/Info.plist;
				INSTALL_PATH = "$(LOCAL_LIBRARY_DIR)/Frameworks";
				LD_RUNPATH_SEARCH_PATHS = "$(inherited) @executable_path/../Frameworks";
				PRODUCT_BUNDLE_IDENTIFIER = de.gematik.ti.cardsimulation.CardSimulationLoader;
				SDKROOT = macosx;
				SKIP_INSTALL = YES;
				SWIFT_OBJC_BRIDGING_HEADER = "${SRCROOT}/BridgeHeader.h";
				VERSIONING_SYSTEM = "apple-generic";
			};
			name = Release;
		};
		24F7B732FD7C4E3A8E7BB5ABB6A8476C /* Release */ = {
			isa = XCBuildConfiguration;
			buildSettings = {
				ALWAYS_EMBED_SWIFT_STANDARD_LIBRARIES = YES;
				CODE_SIGN_IDENTITY = "";
				COMBINE_HIDPI_IMAGES = YES;
				CURRENT_PROJECT_VERSION = 1;
				DEFINES_MODULE = YES;
				DYLIB_COMPATIBILITY_VERSION = 1;
				DYLIB_CURRENT_VERSION = 1;
				DYLIB_INSTALL_NAME_BASE = "@rpath";
				FRAMEWORK_SEARCH_PATHS = (
					"$(inherited)",
					"$(PROJECT_DIR)/Carthage/Build/Mac",
				);
				INSTALL_PATH = "$(LOCAL_LIBRARY_DIR)/Frameworks";
				LD_RUNPATH_SEARCH_PATHS = "$(inherited) @executable_path/../Frameworks";
				PRODUCT_BUNDLE_IDENTIFIER = de.gematik.ti.cardsimulation.SwiftLibsShadow;
				SDKROOT = macosx;
				SKIP_INSTALL = YES;
				VERSIONING_SYSTEM = "apple-generic";
			};
			name = Release;
		};
		5299567D2074C58B44CA9FC4A6EA958F /* Release */ = {
			isa = XCBuildConfiguration;
			buildSettings = {
				BUNDLE_LOADER = "$(TEST_HOST)";
				COMBINE_HIDPI_IMAGES = YES;
				FRAMEWORK_SEARCH_PATHS = (
					"$(inherited)",
					"$(PROJECT_DIR)/Carthage/Build/Mac",
				);
				LD_RUNPATH_SEARCH_PATHS = "$(inherited) @executable_path/../Frameworks @loader_path/../Frameworks";
				PRODUCT_BUNDLE_IDENTIFIER = de.gematik.ti.cardsimulation.CardSimulationLoaderTests;
				SDKROOT = macosx;
			};
			name = Release;
		};
		5AFB60908A2309BCFDC41D09A8DE24DE /* Debug */ = {
			isa = XCBuildConfiguration;
			buildSettings = {
				CODE_SIGN_IDENTITY = "";
				COMBINE_HIDPI_IMAGES = YES;
				CURRENT_PROJECT_VERSION = 1;
				DEFINES_MODULE = YES;
				DYLIB_COMPATIBILITY_VERSION = 1;
				DYLIB_CURRENT_VERSION = 1;
				DYLIB_INSTALL_NAME_BASE = "@rpath";
				FRAMEWORK_SEARCH_PATHS = (
					"$(inherited)",
					"$(PROJECT_DIR)/Carthage/Build/Mac",
				);
				INFOPLIST_FILE = DerivedData/CardSimulationLoader/Info.plist;
				INSTALL_PATH = "$(LOCAL_LIBRARY_DIR)/Frameworks";
				LD_RUNPATH_SEARCH_PATHS = "$(inherited) @executable_path/../Frameworks";
				PRODUCT_BUNDLE_IDENTIFIER = de.gematik.ti.cardsimulation.CardSimulationLoader;
				SDKROOT = macosx;
				SKIP_INSTALL = YES;
				SWIFT_OBJC_BRIDGING_HEADER = "${SRCROOT}/BridgeHeader.h";
				VERSIONING_SYSTEM = "apple-generic";
			};
			name = Debug;
		};
		64F24BBA71532127C388A5E97BE24F66 /* Debug */ = {
			isa = XCBuildConfiguration;
			buildSettings = {
				COMBINE_HIDPI_IMAGES = YES;
				FRAMEWORK_SEARCH_PATHS = (
					"$(inherited)",
					"$(PROJECT_DIR)/Carthage/Build/Mac",
				);
				LD_RUNPATH_SEARCH_PATHS = "$(inherited) @executable_path/SwiftLibsShadow.framework/Versions/Current/Frameworks";
				PRODUCT_BUNDLE_IDENTIFIER = de.gematik.ti.cardsimulation.CardSimulationRunner;
				SDKROOT = macosx;
				SWIFT_FORCE_DYNAMIC_LINK_STDLIB = YES;
				SWIFT_FORCE_STATIC_LINK_STDLIB = NO;
			};
			name = Debug;
		};
		767C11F90E9BCBAA045ADF44B37BED1B /* Debug */ = {
			isa = XCBuildConfiguration;
			buildSettings = {
				ALWAYS_EMBED_SWIFT_STANDARD_LIBRARIES = YES;
				CODE_SIGN_IDENTITY = "";
				COMBINE_HIDPI_IMAGES = YES;
				CURRENT_PROJECT_VERSION = 1;
				DEFINES_MODULE = YES;
				DYLIB_COMPATIBILITY_VERSION = 1;
				DYLIB_CURRENT_VERSION = 1;
				DYLIB_INSTALL_NAME_BASE = "@rpath";
				FRAMEWORK_SEARCH_PATHS = (
					"$(inherited)",
					"$(PROJECT_DIR)/Carthage/Build/Mac",
				);
				INSTALL_PATH = "$(LOCAL_LIBRARY_DIR)/Frameworks";
				LD_RUNPATH_SEARCH_PATHS = "$(inherited) @executable_path/../Frameworks";
				PRODUCT_BUNDLE_IDENTIFIER = de.gematik.ti.cardsimulation.SwiftLibsShadow;
				SDKROOT = macosx;
				SKIP_INSTALL = YES;
				VERSIONING_SYSTEM = "apple-generic";
			};
			name = Debug;
		};
		D799A78A4A05ACFBE466823EF3914AC5 /* Release */ = {
			isa = XCBuildConfiguration;
			buildSettings = {
				ALWAYS_SEARCH_USER_PATHS = NO;
				CLANG_ANALYZER_NONNULL = YES;
				CLANG_ANALYZER_NUMBER_OBJECT_CONVERSION = YES_AGGRESSIVE;
				CLANG_CXX_LANGUAGE_STANDARD = "gnu++14";
				CLANG_CXX_LIBRARY = "libc++";
				CLANG_ENABLE_MODULES = YES;
				CLANG_ENABLE_OBJC_ARC = YES;
				CLANG_WARN_BLOCK_CAPTURE_AUTORELEASING = YES;
				CLANG_WARN_BOOL_CONVERSION = YES;
				CLANG_WARN_COMMA = YES;
				CLANG_WARN_CONSTANT_CONVERSION = YES;
				CLANG_WARN_DEPRECATED_OBJC_IMPLEMENTATIONS = YES;
				CLANG_WARN_DIRECT_OBJC_ISA_USAGE = YES_ERROR;
				CLANG_WARN_DOCUMENTATION_COMMENTS = YES;
				CLANG_WARN_EMPTY_BODY = YES;
				CLANG_WARN_ENUM_CONVERSION = YES;
				CLANG_WARN_INFINITE_RECURSION = YES;
				CLANG_WARN_INT_CONVERSION = YES;
				CLANG_WARN_NON_LITERAL_NULL_CONVERSION = YES;
				CLANG_WARN_OBJC_IMPLICIT_RETAIN_SELF = YES;
				CLANG_WARN_OBJC_LITERAL_CONVERSION = YES;
				CLANG_WARN_OBJC_ROOT_CLASS = YES_ERROR;
				CLANG_WARN_RANGE_LOOP_ANALYSIS = YES;
				CLANG_WARN_STRICT_PROTOTYPES = YES;
				CLANG_WARN_SUSPICIOUS_MOVE = YES;
				CLANG_WARN_UNGUARDED_AVAILABILITY = YES_AGGRESSIVE;
				CLANG_WARN_UNREACHABLE_CODE = YES;
				CLANG_WARN__DUPLICATE_METHOD_MATCH = YES;
				COPY_PHASE_STRIP = NO;
				DEBUG_INFORMATION_FORMAT = "dwarf-with-dsym";
				ENABLE_NS_ASSERTIONS = NO;
				ENABLE_STRICT_OBJC_MSGSEND = YES;
				GCC_C_LANGUAGE_STANDARD = gnu11;
				GCC_NO_COMMON_BLOCKS = YES;
				GCC_WARN_64_TO_32_BIT_CONVERSION = YES;
				GCC_WARN_ABOUT_RETURN_TYPE = YES_ERROR;
				GCC_WARN_UNDECLARED_SELECTOR = YES;
				GCC_WARN_UNINITIALIZED_AUTOS = YES_AGGRESSIVE;
				GCC_WARN_UNUSED_FUNCTION = YES;
				GCC_WARN_UNUSED_VARIABLE = YES;
				IPHONEOS_DEPLOYMENT_TARGET = 12.1;
				MACOSX_DEPLOYMENT_TARGET = 10.12;
				PRODUCT_NAME = "$(TARGET_NAME)";
				SDKROOT = macosx;
				SWIFT_COMPILATION_MODE = wholemodule;
				SWIFT_OPTIMIZATION_LEVEL = "-Owholemodule";
				SWIFT_VERSION = 5.0;
				VALIDATE_PRODUCT = YES;
			};
			name = Release;
		};
		FBE764A054EA33A999EE92785ED9679D /* Release */ = {
			isa = XCBuildConfiguration;
			buildSettings = {
				COMBINE_HIDPI_IMAGES = YES;
				FRAMEWORK_SEARCH_PATHS = (
					"$(inherited)",
					"$(PROJECT_DIR)/Carthage/Build/Mac",
				);
				LD_RUNPATH_SEARCH_PATHS = "$(inherited) @executable_path/SwiftLibsShadow.framework/Versions/Current/Frameworks";
				PRODUCT_BUNDLE_IDENTIFIER = de.gematik.ti.cardsimulation.CardSimulationRunner;
				SDKROOT = macosx;
				SWIFT_FORCE_DYNAMIC_LINK_STDLIB = YES;
				SWIFT_FORCE_STATIC_LINK_STDLIB = NO;
			};
			name = Release;
		};
		FC0ADAF8D4B9255CE2B2BD2AF3725E1A /* Debug */ = {
			isa = XCBuildConfiguration;
			buildSettings = {
				BUNDLE_LOADER = "$(TEST_HOST)";
				COMBINE_HIDPI_IMAGES = YES;
				FRAMEWORK_SEARCH_PATHS = (
					"$(inherited)",
					"$(PROJECT_DIR)/Carthage/Build/Mac",
				);
				LD_RUNPATH_SEARCH_PATHS = "$(inherited) @executable_path/../Frameworks @loader_path/../Frameworks";
				PRODUCT_BUNDLE_IDENTIFIER = de.gematik.ti.cardsimulation.CardSimulationLoaderTests;
				SDKROOT = macosx;
			};
			name = Debug;
		};
/* End XCBuildConfiguration section */

/* Begin XCConfigurationList section */
		6783851E2A6B776631C39912028C116C /* Build configuration list for PBXNativeTarget "CardSimulationLoaderTests" */ = {
			isa = XCConfigurationList;
			buildConfigurations = (
				FC0ADAF8D4B9255CE2B2BD2AF3725E1A /* Debug */,
				5299567D2074C58B44CA9FC4A6EA958F /* Release */,
			);
			defaultConfigurationIsVisible = 0;
			defaultConfigurationName = "";
		};
		90554E500CF01C6B54C4E3B430656203 /* Build configuration list for PBXNativeTarget "SwiftLibsShadow" */ = {
			isa = XCConfigurationList;
			buildConfigurations = (
				767C11F90E9BCBAA045ADF44B37BED1B /* Debug */,
				24F7B732FD7C4E3A8E7BB5ABB6A8476C /* Release */,
			);
			defaultConfigurationIsVisible = 0;
			defaultConfigurationName = "";
		};
		B1B8E804F2C4C56EDC4259784D3C4CAC /* Build configuration list for PBXNativeTarget "CardSimulationLoader" */ = {
			isa = XCConfigurationList;
			buildConfigurations = (
				5AFB60908A2309BCFDC41D09A8DE24DE /* Debug */,
				20E92F995507CAB5C6F43638575CCB47 /* Release */,
			);
			defaultConfigurationIsVisible = 0;
			defaultConfigurationName = "";
		};
		BE69464E84E48D54E530A262E0098C21 /* Build configuration list for PBXProject "CardSimulationLoader" */ = {
			isa = XCConfigurationList;
			buildConfigurations = (
				036EB3E86771A4A62B5C020393FABA8E /* Debug */,
				D799A78A4A05ACFBE466823EF3914AC5 /* Release */,
			);
			defaultConfigurationIsVisible = 0;
			defaultConfigurationName = Debug;
		};
		D1DC11CE3E4B46B6E6BBDED89E69C53A /* Build configuration list for PBXNativeTarget "CardSimulationRunner" */ = {
			isa = XCConfigurationList;
			buildConfigurations = (
				64F24BBA71532127C388A5E97BE24F66 /* Debug */,
				FBE764A054EA33A999EE92785ED9679D /* Release */,
			);
			defaultConfigurationIsVisible = 0;
			defaultConfigurationName = "";
		};
/* End XCConfigurationList section */
	};
	rootObject = EDE374C8520E73B2A3A2BE5DF79BFC05 /* Project object */;
}
